
Microsoft Visual Studio Solution File, Format Version 12.00
# Visual Studio Version 16
VisualStudioVersion = 16.0.31025.194
MinimumVisualStudioVersion = 10.0.40219.1
Project("{FAE04EC0-301F-11D3-BF4B-00C04F79EFBC}") = "Calculadora_op", "Calculadora_op\Calculadora_op.csproj", "{2854570E-FA0B-4A13-8AC1-C62301D59AAF}"
EndProject
Global
	GlobalSection(SolutionConfigurationPlatforms) = preSolution
		Debug|Any CPU = Debug|Any CPU
		Release|Any CPU = Release|Any CPU
	EndGlobalSection
	GlobalSection(ProjectConfigurationPlatforms) = postSolution
		{2854570E-FA0B-4A13-8AC1-C62301D59AAF}.Debug|Any CPU.ActiveCfg = Debug|Any CPU
		{2854570E-FA0B-4A13-8AC1-C62301D59AAF}.Debug|Any CPU.Build.0 = Debug|Any CPU
		{2854570E-FA0B-4A13-8AC1-C62301D59AAF}.Release|Any CPU.ActiveCfg = Release|Any CPU
		{2854570E-FA0B-4A13-8AC1-C62301D59AAF}.Release|Any CPU.Build.0 = Release|Any CPU
	EndGlobalSection
	GlobalSection(SolutionProperties) = preSolution
		HideSolutionNode = FALSE
	EndGlobalSection
	GlobalSection(ExtensibilityGlobals) = postSolution
		SolutionGuid = {39EDBA4B-28C3-4637-8946-540A336BF292}
	EndGlobalSection
EndGlobal
